// !$*UTF8*$!
{
	archiveVersion = 1;
	classes = {
	};
	objectVersion = 48;
	objects = {

/* Begin PBXBuildFile section */
		22B514EA205170E9006C88AB /* AppDelegate.swift in Sources */ = {isa = PBXBuildFile; fileRef = 22B514E9205170E9006C88AB /* AppDelegate.swift */; };
		22B514EC205170E9006C88AB /* SurveyViewController.swift in Sources */ = {isa = PBXBuildFile; fileRef = 22B514EB205170E9006C88AB /* SurveyViewController.swift */; };
		22B514F1205170E9006C88AB /* Assets.xcassets in Resources */ = {isa = PBXBuildFile; fileRef = 22B514F0205170E9006C88AB /* Assets.xcassets */; };
		22B514F4205170E9006C88AB /* LaunchScreen.storyboard in Resources */ = {isa = PBXBuildFile; fileRef = 22B514F2205170E9006C88AB /* LaunchScreen.storyboard */; };
		22E22E9E2051745A00DE6CC2 /* survey.xcdatamodeld in Sources */ = {isa = PBXBuildFile; fileRef = 22E22E9C2051745A00DE6CC2 /* survey.xcdatamodeld */; };
		22E22EC12052CC0400DE6CC2 /* SurveyViewController+CoreData.swift in Sources */ = {isa = PBXBuildFile; fileRef = 22E22EC02052CC0400DE6CC2 /* SurveyViewController+CoreData.swift */; };
		22E22EC42052D1E900DE6CC2 /* SurveyViewController+TableView.swift in Sources */ = {isa = PBXBuildFile; fileRef = 22E22EC32052D1E900DE6CC2 /* SurveyViewController+TableView.swift */; };
		22E22EC72052D3B600DE6CC2 /* SurveyViewController+Networking.swift in Sources */ = {isa = PBXBuildFile; fileRef = 22E22EC62052D3B600DE6CC2 /* SurveyViewController+Networking.swift */; };
/* End PBXBuildFile section */

/* Begin PBXFileReference section */
		22B514E6205170E9006C88AB /* survey.app */ = {isa = PBXFileReference; explicitFileType = wrapper.application; includeInIndex = 0; path = survey.app; sourceTree = BUILT_PRODUCTS_DIR; };
		22B514E9205170E9006C88AB /* AppDelegate.swift */ = {isa = PBXFileReference; lastKnownFileType = sourcecode.swift; path = AppDelegate.swift; sourceTree = "<group>"; };
		22B514EB205170E9006C88AB /* SurveyViewController.swift */ = {isa = PBXFileReference; lastKnownFileType = sourcecode.swift; path = SurveyViewController.swift; sourceTree = "<group>"; };
		22B514F0205170E9006C88AB /* Assets.xcassets */ = {isa = PBXFileReference; lastKnownFileType = folder.assetcatalog; path = Assets.xcassets; sourceTree = "<group>"; };
		22B514F3205170E9006C88AB /* Base */ = {isa = PBXFileReference; lastKnownFileType = file.storyboard; name = Base; path = Base.lproj/LaunchScreen.storyboard; sourceTree = "<group>"; };
		22B514F5205170E9006C88AB /* Info.plist */ = {isa = PBXFileReference; lastKnownFileType = text.plist.xml; path = Info.plist; sourceTree = "<group>"; };
		22E22E9D2051745A00DE6CC2 /* survey.xcdatamodel */ = {isa = PBXFileReference; lastKnownFileType = wrapper.xcdatamodel; path = survey.xcdatamodel; sourceTree = "<group>"; };
		22E22EC02052CC0400DE6CC2 /* SurveyViewController+CoreData.swift */ = {isa = PBXFileReference; lastKnownFileType = sourcecode.swift; path = "SurveyViewController+CoreData.swift"; sourceTree = "<group>"; };
		22E22EC32052D1E900DE6CC2 /* SurveyViewController+TableView.swift */ = {isa = PBXFileReference; lastKnownFileType = sourcecode.swift; path = "SurveyViewController+TableView.swift"; sourceTree = "<group>"; };
		22E22EC62052D3B600DE6CC2 /* SurveyViewController+Networking.swift */ = {isa = PBXFileReference; lastKnownFileType = sourcecode.swift; path = "SurveyViewController+Networking.swift"; sourceTree = "<group>"; };
/* End PBXFileReference section */

/* Begin PBXFrameworksBuildPhase section */
		22B514E3205170E9006C88AB /* Frameworks */ = {
			isa = PBXFrameworksBuildPhase;
			buildActionMask = 2147483647;
			files = (
			);
			runOnlyForDeploymentPostprocessing = 0;
		};
/* End PBXFrameworksBuildPhase section */

/* Begin PBXGroup section */
		22B514DD205170E9006C88AB = {
			isa = PBXGroup;
			children = (
				22B514E8205170E9006C88AB /* survey */,
				22B514E7205170E9006C88AB /* Products */,
			);
			sourceTree = "<group>";
		};
		22B514E7205170E9006C88AB /* Products */ = {
			isa = PBXGroup;
			children = (
				22B514E6205170E9006C88AB /* survey.app */,
			);
			name = Products;
			sourceTree = "<group>";
		};
		22B514E8205170E9006C88AB /* survey */ = {
			isa = PBXGroup;
			children = (
				22E22EC52052D39700DE6CC2 /* networking */,
				22E22EC22052D1D900DE6CC2 /* tableview */,
				22E22E9F2051758200DE6CC2 /* cell */,
				22E22E9B2051744B00DE6CC2 /* coredata */,
				22B514E9205170E9006C88AB /* AppDelegate.swift */,
				22B514EB205170E9006C88AB /* SurveyViewController.swift */,
				22B514F0205170E9006C88AB /* Assets.xcassets */,
				22B514F2205170E9006C88AB /* LaunchScreen.storyboard */,
				22B514F5205170E9006C88AB /* Info.plist */,
			);
			path = survey;
			sourceTree = "<group>";
		};
		22E22E9B2051744B00DE6CC2 /* coredata */ = {
			isa = PBXGroup;
			children = (
				22E22E9C2051745A00DE6CC2 /* survey.xcdatamodeld */,
				22E22EC02052CC0400DE6CC2 /* SurveyViewController+CoreData.swift */,
			);
			path = coredata;
			sourceTree = "<group>";
		};
		22E22E9F2051758200DE6CC2 /* cell */ = {
			isa = PBXGroup;
			children = (
			);
			path = cell;
			sourceTree = "<group>";
		};
		22E22EC22052D1D900DE6CC2 /* tableview */ = {
			isa = PBXGroup;
			children = (
				22E22EC32052D1E900DE6CC2 /* SurveyViewController+TableView.swift */,
			);
			path = tableview;
			sourceTree = "<group>";
		};
		22E22EC52052D39700DE6CC2 /* networking */ = {
			isa = PBXGroup;
			children = (
				22E22EC62052D3B600DE6CC2 /* SurveyViewController+Networking.swift */,
			);
			path = networking;
			sourceTree = "<group>";
		};
/* End PBXGroup section */

/* Begin PBXNativeTarget section */
		22B514E5205170E9006C88AB /* survey */ = {
			isa = PBXNativeTarget;
			buildConfigurationList = 22B514F8205170E9006C88AB /* Build configuration list for PBXNativeTarget "survey" */;
			buildPhases = (
				22B514E2205170E9006C88AB /* Sources */,
				22B514E3205170E9006C88AB /* Frameworks */,
				22B514E4205170E9006C88AB /* Resources */,
			);
			buildRules = (
			);
			dependencies = (
			);
			name = survey;
			productName = survey;
			productReference = 22B514E6205170E9006C88AB /* survey.app */;
			productType = "com.apple.product-type.application";
		};
/* End PBXNativeTarget section */

/* Begin PBXProject section */
		22B514DE205170E9006C88AB /* Project object */ = {
			isa = PBXProject;
			attributes = {
				LastSwiftUpdateCheck = 0920;
				LastUpgradeCheck = 0920;
				ORGANIZATIONNAME = "Mauricio Leal";
				TargetAttributes = {
					22B514E5205170E9006C88AB = {
						CreatedOnToolsVersion = 9.2;
						ProvisioningStyle = Automatic;
					};
				};
			};
			buildConfigurationList = 22B514E1205170E9006C88AB /* Build configuration list for PBXProject "survey" */;
			compatibilityVersion = "Xcode 8.0";
			developmentRegion = en;
			hasScannedForEncodings = 0;
			knownRegions = (
				en,
				Base,
			);
			mainGroup = 22B514DD205170E9006C88AB;
			productRefGroup = 22B514E7205170E9006C88AB /* Products */;
			projectDirPath = "";
			projectRoot = "";
			targets = (
				22B514E5205170E9006C88AB /* survey */,
			);
		};
/* End PBXProject section */

/* Begin PBXResourcesBuildPhase section */
		22B514E4205170E9006C88AB /* Resources */ = {
			isa = PBXResourcesBuildPhase;
			buildActionMask = 2147483647;
			files = (
				22B514F4205170E9006C88AB /* LaunchScreen.storyboard in Resources */,
				22B514F1205170E9006C88AB /* Assets.xcassets in Resources */,
			);
			runOnlyForDeploymentPostprocessing = 0;
		};
/* End PBXResourcesBuildPhase section */

/* Begin PBXSourcesBuildPhase section */
		22B514E2205170E9006C88AB /* Sources */ = {
			isa = PBXSourcesBuildPhase;
			buildActionMask = 2147483647;
			files = (
				22E22EC72052D3B600DE6CC2 /* SurveyViewController+Networking.swift in Sources */,
				22E22EC42052D1E900DE6CC2 /* SurveyViewController+TableView.swift in Sources */,
				22B514EC205170E9006C88AB /* SurveyViewController.swift in Sources */,
				22E22EC12052CC0400DE6CC2 /* SurveyViewController+CoreData.swift in Sources */,
				22E22E9E2051745A00DE6CC2 /* survey.xcdatamodeld in Sources */,
				22B514EA205170E9006C88AB /* AppDelegate.swift in Sources */,
			);
			runOnlyForDeploymentPostprocessing = 0;
		};
/* End PBXSourcesBuildPhase section */

/* Begin PBXVariantGroup section */
		22B514F2205170E9006C88AB /* LaunchScreen.storyboard */ = {
			isa = PBXVariantGroup;
			children = (
				22B514F3205170E9006C88AB /* Base */,
			);
			name = LaunchScreen.storyboard;
			sourceTree = "<group>";
		};
/* End PBXVariantGroup section */

/* Begin XCBuildConfiguration section */
		22B514F6205170E9006C88AB /* Debug */ = {
			isa = XCBuildConfiguration;
			buildSettings = {
				ALWAYS_SEARCH_USER_PATHS = NO;
				CLANG_ANALYZER_NONNULL = YES;
				CLANG_ANALYZER_NUMBER_OBJECT_CONVERSION = YES_AGGRESSIVE;
				CLANG_CXX_LANGUAGE_STANDARD = "gnu++14";
				CLANG_CXX_LIBRARY = "libc++";
				CLANG_ENABLE_MODULES = YES;
				CLANG_ENABLE_OBJC_ARC = YES;
				CLANG_WARN_BLOCK_CAPTURE_AUTORELEASING = YES;
				CLANG_WARN_BOOL_CONVERSION = YES;
				CLANG_WARN_COMMA = YES;
				CLANG_WARN_CONSTANT_CONVERSION = YES;
				CLANG_WARN_DIRECT_OBJC_ISA_USAGE = YES_ERROR;
				CLANG_WARN_DOCUMENTATION_COMMENTS = YES;
				CLANG_WARN_EMPTY_BODY = YES;
				CLANG_WARN_ENUM_CONVERSION = YES;
				CLANG_WARN_INFINITE_RECURSION = YES;
				CLANG_WARN_INT_CONVERSION = YES;
				CLANG_WARN_NON_LITERAL_NULL_CONVERSION = YES;
				CLANG_WARN_OBJC_LITERAL_CONVERSION = YES;
				CLANG_WARN_OBJC_ROOT_CLASS = YES_ERROR;
				CLANG_WARN_RANGE_LOOP_ANALYSIS = YES;
				CLANG_WARN_STRICT_PROTOTYPES = YES;
				CLANG_WARN_SUSPICIOUS_MOVE = YES;
				CLANG_WARN_UNGUARDED_AVAILABILITY = YES_AGGRESSIVE;
				CLANG_WARN_UNREACHABLE_CODE = YES;
				CLANG_WARN__DUPLICATE_METHOD_MATCH = YES;
				CODE_SIGN_IDENTITY = "iPhone Developer";
				COPY_PHASE_STRIP = NO;
				DEBUG_INFORMATION_FORMAT = dwarf;
				ENABLE_STRICT_OBJC_MSGSEND = YES;
				ENABLE_TESTABILITY = YES;
				GCC_C_LANGUAGE_STANDARD = gnu11;
				GCC_DYNAMIC_NO_PIC = NO;
				GCC_NO_COMMON_BLOCKS = YES;
				GCC_OPTIMIZATION_LEVEL = 0;
				GCC_PREPROCESSOR_DEFINITIONS = (
					"DEBUG=1",
					"$(inherited)",
				);
				GCC_WARN_64_TO_32_BIT_CONVERSION = YES;
				GCC_WARN_ABOUT_RETURN_TYPE = YES_ERROR;
				GCC_WARN_UNDECLARED_SELECTOR = YES;
				GCC_WARN_UNINITIALIZED_AUTOS = YES_AGGRESSIVE;
				GCC_WARN_UNUSED_FUNCTION = YES;
				GCC_WARN_UNUSED_VARIABLE = YES;
				IPHONEOS_DEPLOYMENT_TARGET = 11.2;
				MTL_ENABLE_DEBUG_INFO = YES;
				ONLY_ACTIVE_ARCH = YES;
				SDKROOT = iphoneos;
				SWIFT_ACTIVE_COMPILATION_CONDITIONS = DEBUG;
				SWIFT_OPTIMIZATION_LEVEL = "-Onone";
			};
			name = Debug;
		};
		22B514F7205170E9006C88AB /* Release */ = {
			isa = XCBuildConfiguration;
			buildSettings = {
				ALWAYS_SEARCH_USER_PATHS = NO;
				CLANG_ANALYZER_NONNULL = YES;
				CLANG_ANALYZER_NUMBER_OBJECT_CONVERSION = YES_AGGRESSIVE;
				CLANG_CXX_LANGUAGE_STANDARD = "gnu++14";
				CLANG_CXX_LIBRARY = "libc++";
				CLANG_ENABLE_MODULES = YES;
				CLANG_ENABLE_OBJC_ARC = YES;
				CLANG_WARN_BLOCK_CAPTURE_AUTORELEASING = YES;
				CLANG_WARN_BOOL_CONVERSION = YES;
				CLANG_WARN_COMMA = YES;
				CLANG_WARN_CONSTANT_CONVERSION = YES;
				CLANG_WARN_DIRECT_OBJC_ISA_USAGE = YES_ERROR;
				CLANG_WARN_DOCUMENTATION_COMMENTS = YES;
				CLANG_WARN_EMPTY_BODY = YES;
				CLANG_WARN_ENUM_CONVERSION = YES;
				CLANG_WARN_INFINITE_RECURSION = YES;
				CLANG_WARN_INT_CONVERSION = YES;
				CLANG_WARN_NON_LITERAL_NULL_CONVERSION = YES;
				CLANG_WARN_OBJC_LITERAL_CONVERSION = YES;
				CLANG_WARN_OBJC_ROOT_CLASS = YES_ERROR;
				CLANG_WARN_RANGE_LOOP_ANALYSIS = YES;
				CLANG_WARN_STRICT_PROTOTYPES = YES;
				CLANG_WARN_SUSPICIOUS_MOVE = YES;
				CLANG_WARN_UNGUARDED_AVAILABILITY = YES_AGGRESSIVE;
				CLANG_WARN_UNREACHABLE_CODE = YES;
				CLANG_WARN__DUPLICATE_METHOD_MATCH = YES;
				CODE_SIGN_IDENTITY = "iPhone Developer";
				COPY_PHASE_STRIP = NO;
				DEBUG_INFORMATION_FORMAT = "dwarf-with-dsym";
				ENABLE_NS_ASSERTIONS = NO;
				ENABLE_STRICT_OBJC_MSGSEND = YES;
				GCC_C_LANGUAGE_STANDARD = gnu11;
				GCC_NO_COMMON_BLOCKS = YES;
				GCC_WARN_64_TO_32_BIT_CONVERSION = YES;
				GCC_WARN_ABOUT_RETURN_TYPE = YES_ERROR;
				GCC_WARN_UNDECLARED_SELECTOR = YES;
				GCC_WARN_UNINITIALIZED_AUTOS = YES_AGGRESSIVE;
				GCC_WARN_UNUSED_FUNCTION = YES;
				GCC_WARN_UNUSED_VARIABLE = YES;
				IPHONEOS_DEPLOYMENT_TARGET = 11.2;
				MTL_ENABLE_DEBUG_INFO = NO;
				SDKROOT = iphoneos;
				SWIFT_OPTIMIZATION_LEVEL = "-Owholemodule";
				VALIDATE_PRODUCT = YES;
			};
			name = Release;
		};
		22B514F9205170E9006C88AB /* Debug */ = {
			isa = XCBuildConfiguration;
			buildSettings = {
				ASSETCATALOG_COMPILER_APPICON_NAME = AppIcon;
				CODE_SIGN_STYLE = Automatic;
				INFOPLIST_FILE = survey/Info.plist;
				LD_RUNPATH_SEARCH_PATHS = "$(inherited) @executable_path/Frameworks";
				MOMC_NO_INVERSE_RELATIONSHIP_WARNINGS = YES;
				MOMC_SUPPRESS_INVERSE_TRANSIENT_ERROR = NO;
				NEW_SETTING = "";
				PRODUCT_BUNDLE_IDENTIFIER = com.redhat.lto.testdrive.survey;
				PRODUCT_NAME = "$(TARGET_NAME)";
				SWIFT_VERSION = 4.0;
				TARGETED_DEVICE_FAMILY = "1,2";
			};
			name = Debug;
		};
		22B514FA205170E9006C88AB /* Release */ = {
			isa = XCBuildConfiguration;
			buildSettings = {
				ASSETCATALOG_COMPILER_APPICON_NAME = AppIcon;
				CODE_SIGN_STYLE = Automatic;
				INFOPLIST_FILE = survey/Info.plist;
				LD_RUNPATH_SEARCH_PATHS = "$(inherited) @executable_path/Frameworks";
				MOMC_NO_INVERSE_RELATIONSHIP_WARNINGS = YES;
				MOMC_SUPPRESS_INVERSE_TRANSIENT_ERROR = NO;
				NEW_SETTING = "";
				PRODUCT_BUNDLE_IDENTIFIER = com.redhat.lto.testdrive.survey;
				PRODUCT_NAME = "$(TARGET_NAME)";
				SWIFT_VERSION = 4.0;
				TARGETED_DEVICE_FAMILY = "1,2";
			};
			name = Release;
		};
/* End XCBuildConfiguration section */

/* Begin XCConfigurationList section */
		22B514E1205170E9006C88AB /* Build configuration list for PBXProject "survey" */ = {
			isa = XCConfigurationList;
			buildConfigurations = (
				22B514F6205170E9006C88AB /* Debug */,
				22B514F7205170E9006C88AB /* Release */,
			);
			defaultConfigurationIsVisible = 0;
			defaultConfigurationName = Release;
		};
		22B514F8205170E9006C88AB /* Build configuration list for PBXNativeTarget "survey" */ = {
			isa = XCConfigurationList;
			buildConfigurations = (
				22B514F9205170E9006C88AB /* Debug */,
				22B514FA205170E9006C88AB /* Release */,
			);
			defaultConfigurationIsVisible = 0;
			defaultConfigurationName = Release;
		};
/* End XCConfigurationList section */

/* Begin XCVersionGroup section */
		22E22E9C2051745A00DE6CC2 /* survey.xcdatamodeld */ = {
			isa = XCVersionGroup;
			children = (
				22E22E9D2051745A00DE6CC2 /* survey.xcdatamodel */,
			);
			currentVersion = 22E22E9D2051745A00DE6CC2 /* survey.xcdatamodel */;
			path = survey.xcdatamodeld;
			sourceTree = "<group>";
			versionGroupType = wrapper.xcdatamodel;
		};
/* End XCVersionGroup section */
	};
	rootObject = 22B514DE205170E9006C88AB /* Project object */;
}
